
Microsoft Visual Studio Solution File, Format Version 12.00
# Visual Studio Version 16
VisualStudioVersion = 16.0.30517.126
MinimumVisualStudioVersion = 10.0.40219.1
Project("{FAE04EC0-301F-11D3-BF4B-00C04F79EFBC}") = "MyCoreApp", "MyCoreApp\MyCoreApp.csproj", "{3E2E7E79-EFAA-4814-851D-D3FF74ED6AED}"
EndProject
Global
	GlobalSection(SolutionConfigurationPlatforms) = preSolution
		Debug|Any CPU = Debug|Any CPU
		Release|Any CPU = Release|Any CPU
	EndGlobalSection
	GlobalSection(ProjectConfigurationPlatforms) = postSolution
		{3E2E7E79-EFAA-4814-851D-D3FF74ED6AED}.Debug|Any CPU.ActiveCfg = Debug|Any CPU
		{3E2E7E79-EFAA-4814-851D-D3FF74ED6AED}.Debug|Any CPU.Build.0 = Debug|Any CPU
		{3E2E7E79-EFAA-4814-851D-D3FF74ED6AED}.Release|Any CPU.ActiveCfg = Release|Any CPU
		{3E2E7E79-EFAA-4814-851D-D3FF74ED6AED}.Release|Any CPU.Build.0 = Release|Any CPU
	EndGlobalSection
	GlobalSection(SolutionProperties) = preSolution
		HideSolutionNode = FALSE
	EndGlobalSection
	GlobalSection(ExtensibilityGlobals) = postSolution
		SolutionGuid = {1CFA2EEB-CD84-4A1D-962C-F588AA6FE77E}
	EndGlobalSection
EndGlobal
